// !$*UTF8*$!
{
	archiveVersion = 1;
	classes = {
	};
	objectVersion = 56;
	objects = {

/* Begin PBXBuildFile section */
		CC56B236294CA34F0099D793 /* libglfw.3.3.dylib in Frameworks */ = {isa = PBXBuildFile; fileRef = CC56B235294CA34F0099D793 /* libglfw.3.3.dylib */; };
		CC56B238294CA38A0099D793 /* libvulkan.1.3.236.dylib in Frameworks */ = {isa = PBXBuildFile; fileRef = CC56B237294CA38A0099D793 /* libvulkan.1.3.236.dylib */; };
		CC56B23A294CA3C60099D793 /* libvulkan.1.dylib in Frameworks */ = {isa = PBXBuildFile; fileRef = CC56B239294CA3C60099D793 /* libvulkan.1.dylib */; };
		CC56B23B294CA4400099D793 /* libvulkan.1.dylib in CopyFiles */ = {isa = PBXBuildFile; fileRef = CC56B239294CA3C60099D793 /* libvulkan.1.dylib */; };
		CC56B23C294CA4400099D793 /* libvulkan.1.3.236.dylib in CopyFiles */ = {isa = PBXBuildFile; fileRef = CC56B237294CA38A0099D793 /* libvulkan.1.3.236.dylib */; };
		CC56B23D294CA4400099D793 /* libglfw.3.3.dylib in CopyFiles */ = {isa = PBXBuildFile; fileRef = CC56B235294CA34F0099D793 /* libglfw.3.3.dylib */; };
		CC785B42294C9BC100022A98 /* main.cpp in Sources */ = {isa = PBXBuildFile; fileRef = CC785B41294C9BC100022A98 /* main.cpp */; };
/* End PBXBuildFile section */

/* Begin PBXCopyFilesBuildPhase section */
		CC785B3C294C9BC100022A98 /* CopyFiles */ = {
			isa = PBXCopyFilesBuildPhase;
			buildActionMask = 12;
			dstPath = "";
			dstSubfolderSpec = 10;
			files = (
				CC56B23B294CA4400099D793 /* libvulkan.1.dylib in CopyFiles */,
				CC56B23C294CA4400099D793 /* libvulkan.1.3.236.dylib in CopyFiles */,
				CC56B23D294CA4400099D793 /* libglfw.3.3.dylib in CopyFiles */,
			);
			runOnlyForDeploymentPostprocessing = 0;
		};
/* End PBXCopyFilesBuildPhase section */

/* Begin PBXFileReference section */
		CC56B235294CA34F0099D793 /* libglfw.3.3.dylib */ = {isa = PBXFileReference; lastKnownFileType = "compiled.mach-o.dylib"; name = libglfw.3.3.dylib; path = ../../../opt/homebrew/Cellar/glfw/3.3.8/lib/libglfw.3.3.dylib; sourceTree = "<group>"; };
		CC56B237294CA38A0099D793 /* libvulkan.1.3.236.dylib */ = {isa = PBXFileReference; lastKnownFileType = "compiled.mach-o.dylib"; name = libvulkan.1.3.236.dylib; path = ../../../Library/VulkanSDK/1.3.236.0/macOS/lib/libvulkan.1.3.236.dylib; sourceTree = "<group>"; };
		CC56B239294CA3C60099D793 /* libvulkan.1.dylib */ = {isa = PBXFileReference; lastKnownFileType = "compiled.mach-o.dylib"; name = libvulkan.1.dylib; path = ../../../Library/VulkanSDK/1.3.236.0/macOS/lib/libvulkan.1.dylib; sourceTree = "<group>"; };
		CC785B3E294C9BC100022A98 /* VulkanTesting */ = {isa = PBXFileReference; explicitFileType = "compiled.mach-o.executable"; includeInIndex = 0; path = VulkanTesting; sourceTree = BUILT_PRODUCTS_DIR; };
		CC785B41294C9BC100022A98 /* main.cpp */ = {isa = PBXFileReference; lastKnownFileType = sourcecode.cpp.cpp; path = main.cpp; sourceTree = "<group>"; };
/* End PBXFileReference section */

/* Begin PBXFrameworksBuildPhase section */
		CC785B3B294C9BC100022A98 /* Frameworks */ = {
			isa = PBXFrameworksBuildPhase;
			buildActionMask = 2147483647;
			files = (
				CC56B238294CA38A0099D793 /* libvulkan.1.3.236.dylib in Frameworks */,
				CC56B236294CA34F0099D793 /* libglfw.3.3.dylib in Frameworks */,
				CC56B23A294CA3C60099D793 /* libvulkan.1.dylib in Frameworks */,
			);
			runOnlyForDeploymentPostprocessing = 0;
		};
/* End PBXFrameworksBuildPhase section */

/* Begin PBXGroup section */
		CC56B234294CA34F0099D793 /* Frameworks */ = {
			isa = PBXGroup;
			children = (
				CC56B239294CA3C60099D793 /* libvulkan.1.dylib */,
				CC56B237294CA38A0099D793 /* libvulkan.1.3.236.dylib */,
				CC56B235294CA34F0099D793 /* libglfw.3.3.dylib */,
			);
			name = Frameworks;
			sourceTree = "<group>";
		};
		CC785B35294C9BC100022A98 = {
			isa = PBXGroup;
			children = (
				CC785B40294C9BC100022A98 /* VulkanTesting */,
				CC785B3F294C9BC100022A98 /* Products */,
				CC56B234294CA34F0099D793 /* Frameworks */,
			);
			sourceTree = "<group>";
		};
		CC785B3F294C9BC100022A98 /* Products */ = {
			isa = PBXGroup;
			children = (
				CC785B3E294C9BC100022A98 /* VulkanTesting */,
			);
			name = Products;
			sourceTree = "<group>";
		};
		CC785B40294C9BC100022A98 /* VulkanTesting */ = {
			isa = PBXGroup;
			children = (
				CC785B41294C9BC100022A98 /* main.cpp */,
			);
			path = VulkanTesting;
			sourceTree = "<group>";
		};
/* End PBXGroup section */

/* Begin PBXNativeTarget section */
		CC785B3D294C9BC100022A98 /* VulkanTesting */ = {
			isa = PBXNativeTarget;
			buildConfigurationList = CC785B45294C9BC100022A98 /* Build configuration list for PBXNativeTarget "VulkanTesting" */;
			buildPhases = (
				CC785B3A294C9BC100022A98 /* Sources */,
				CC785B3B294C9BC100022A98 /* Frameworks */,
				CC785B3C294C9BC100022A98 /* CopyFiles */,
			);
			buildRules = (
			);
			dependencies = (
			);
			name = VulkanTesting;
			productName = VulkanTesting;
			productReference = CC785B3E294C9BC100022A98 /* VulkanTesting */;
			productType = "com.apple.product-type.tool";
		};
/* End PBXNativeTarget section */

/* Begin PBXProject section */
		CC785B36294C9BC100022A98 /* Project object */ = {
			isa = PBXProject;
			attributes = {
				BuildIndependentTargetsInParallel = 1;
				LastUpgradeCheck = 1410;
				TargetAttributes = {
					CC785B3D294C9BC100022A98 = {
						CreatedOnToolsVersion = 14.1;
					};
				};
			};
			buildConfigurationList = CC785B39294C9BC100022A98 /* Build configuration list for PBXProject "VulkanTesting" */;
			compatibilityVersion = "Xcode 14.0";
			developmentRegion = en;
			hasScannedForEncodings = 0;
			knownRegions = (
				en,
				Base,
			);
			mainGroup = CC785B35294C9BC100022A98;
			productRefGroup = CC785B3F294C9BC100022A98 /* Products */;
			projectDirPath = "";
			projectRoot = "";
			targets = (
				CC785B3D294C9BC100022A98 /* VulkanTesting */,
			);
		};
/* End PBXProject section */

/* Begin PBXSourcesBuildPhase section */
		CC785B3A294C9BC100022A98 /* Sources */ = {
			isa = PBXSourcesBuildPhase;
			buildActionMask = 2147483647;
			files = (
				CC785B42294C9BC100022A98 /* main.cpp in Sources */,
			);
			runOnlyForDeploymentPostprocessing = 0;
		};
/* End PBXSourcesBuildPhase section */

/* Begin XCBuildConfiguration section */
		CC785B43294C9BC100022A98 /* Debug */ = {
			isa = XCBuildConfiguration;
			buildSettings = {
				ALWAYS_SEARCH_USER_PATHS = NO;
				CLANG_ANALYZER_NONNULL = YES;
				CLANG_ANALYZER_NUMBER_OBJECT_CONVERSION = YES_AGGRESSIVE;
				CLANG_CXX_LANGUAGE_STANDARD = "gnu++20";
				CLANG_ENABLE_MODULES = YES;
				CLANG_ENABLE_OBJC_ARC = YES;
				CLANG_ENABLE_OBJC_WEAK = YES;
				CLANG_WARN_BLOCK_CAPTURE_AUTORELEASING = YES;
				CLANG_WARN_BOOL_CONVERSION = YES;
				CLANG_WARN_COMMA = YES;
				CLANG_WARN_CONSTANT_CONVERSION = YES;
				CLANG_WARN_DEPRECATED_OBJC_IMPLEMENTATIONS = YES;
				CLANG_WARN_DIRECT_OBJC_ISA_USAGE = YES_ERROR;
				CLANG_WARN_DOCUMENTATION_COMMENTS = YES;
				CLANG_WARN_EMPTY_BODY = YES;
				CLANG_WARN_ENUM_CONVERSION = YES;
				CLANG_WARN_INFINITE_RECURSION = YES;
				CLANG_WARN_INT_CONVERSION = YES;
				CLANG_WARN_NON_LITERAL_NULL_CONVERSION = YES;
				CLANG_WARN_OBJC_IMPLICIT_RETAIN_SELF = YES;
				CLANG_WARN_OBJC_LITERAL_CONVERSION = YES;
				CLANG_WARN_OBJC_ROOT_CLASS = YES_ERROR;
				CLANG_WARN_QUOTED_INCLUDE_IN_FRAMEWORK_HEADER = YES;
				CLANG_WARN_RANGE_LOOP_ANALYSIS = YES;
				CLANG_WARN_STRICT_PROTOTYPES = YES;
				CLANG_WARN_SUSPICIOUS_MOVE = YES;
				CLANG_WARN_UNGUARDED_AVAILABILITY = YES_AGGRESSIVE;
				CLANG_WARN_UNREACHABLE_CODE = YES;
				CLANG_WARN__DUPLICATE_METHOD_MATCH = YES;
				COPY_PHASE_STRIP = NO;
				DEBUG_INFORMATION_FORMAT = dwarf;
				ENABLE_STRICT_OBJC_MSGSEND = YES;
				ENABLE_TESTABILITY = YES;
				GCC_C_LANGUAGE_STANDARD = gnu11;
				GCC_DYNAMIC_NO_PIC = NO;
				GCC_NO_COMMON_BLOCKS = YES;
				GCC_OPTIMIZATION_LEVEL = 0;
				GCC_PREPROCESSOR_DEFINITIONS = (
					"DEBUG=1",
					"$(inherited)",
				);
				GCC_WARN_64_TO_32_BIT_CONVERSION = YES;
				GCC_WARN_ABOUT_RETURN_TYPE = YES_ERROR;
				GCC_WARN_UNDECLARED_SELECTOR = YES;
				GCC_WARN_UNINITIALIZED_AUTOS = YES_AGGRESSIVE;
				GCC_WARN_UNUSED_FUNCTION = YES;
				GCC_WARN_UNUSED_VARIABLE = YES;
				HEADER_SEARCH_PATHS = (
					/Library/VulkanSDK/1.3.236.0/macOS/include,
					/opt/homebrew/include,
				);
				LIBRARY_SEARCH_PATHS = (
					/Library/VulkanSDK/1.3.236.0/macOS/lib,
					/opt/homebrew/lib,
				);
				MACOSX_DEPLOYMENT_TARGET = 13.0;
				MTL_ENABLE_DEBUG_INFO = INCLUDE_SOURCE;
				MTL_FAST_MATH = YES;
				ONLY_ACTIVE_ARCH = YES;
				SDKROOT = macosx;
			};
			name = Debug;
		};
		CC785B44294C9BC100022A98 /* Release */ = {
			isa = XCBuildConfiguration;
			buildSettings = {
				ALWAYS_SEARCH_USER_PATHS = NO;
				CLANG_ANALYZER_NONNULL = YES;
				CLANG_ANALYZER_NUMBER_OBJECT_CONVERSION = YES_AGGRESSIVE;
				CLANG_CXX_LANGUAGE_STANDARD = "gnu++20";
				CLANG_ENABLE_MODULES = YES;
				CLANG_ENABLE_OBJC_ARC = YES;
				CLANG_ENABLE_OBJC_WEAK = YES;
				CLANG_WARN_BLOCK_CAPTURE_AUTORELEASING = YES;
				CLANG_WARN_BOOL_CONVERSION = YES;
				CLANG_WARN_COMMA = YES;
				CLANG_WARN_CONSTANT_CONVERSION = YES;
				CLANG_WARN_DEPRECATED_OBJC_IMPLEMENTATIONS = YES;
				CLANG_WARN_DIRECT_OBJC_ISA_USAGE = YES_ERROR;
				CLANG_WARN_DOCUMENTATION_COMMENTS = YES;
				CLANG_WARN_EMPTY_BODY = YES;
				CLANG_WARN_ENUM_CONVERSION = YES;
				CLANG_WARN_INFINITE_RECURSION = YES;
				CLANG_WARN_INT_CONVERSION = YES;
				CLANG_WARN_NON_LITERAL_NULL_CONVERSION = YES;
				CLANG_WARN_OBJC_IMPLICIT_RETAIN_SELF = YES;
				CLANG_WARN_OBJC_LITERAL_CONVERSION = YES;
				CLANG_WARN_OBJC_ROOT_CLASS = YES_ERROR;
				CLANG_WARN_QUOTED_INCLUDE_IN_FRAMEWORK_HEADER = YES;
				CLANG_WARN_RANGE_LOOP_ANALYSIS = YES;
				CLANG_WARN_STRICT_PROTOTYPES = YES;
				CLANG_WARN_SUSPICIOUS_MOVE = YES;
				CLANG_WARN_UNGUARDED_AVAILABILITY = YES_AGGRESSIVE;
				CLANG_WARN_UNREACHABLE_CODE = YES;
				CLANG_WARN__DUPLICATE_METHOD_MATCH = YES;
				COPY_PHASE_STRIP = NO;
				DEBUG_INFORMATION_FORMAT = "dwarf-with-dsym";
				ENABLE_NS_ASSERTIONS = NO;
				ENABLE_STRICT_OBJC_MSGSEND = YES;
				GCC_C_LANGUAGE_STANDARD = gnu11;
				GCC_NO_COMMON_BLOCKS = YES;
				GCC_WARN_64_TO_32_BIT_CONVERSION = YES;
				GCC_WARN_ABOUT_RETURN_TYPE = YES_ERROR;
				GCC_WARN_UNDECLARED_SELECTOR = YES;
				GCC_WARN_UNINITIALIZED_AUTOS = YES_AGGRESSIVE;
				GCC_WARN_UNUSED_FUNCTION = YES;
				GCC_WARN_UNUSED_VARIABLE = YES;
				HEADER_SEARCH_PATHS = (
					/Library/VulkanSDK/1.3.236.0/macOS/include,
					/opt/homebrew/include,
				);
				LIBRARY_SEARCH_PATHS = (
					/Library/VulkanSDK/1.3.236.0/macOS/lib,
					/opt/homebrew/lib,
				);
				MACOSX_DEPLOYMENT_TARGET = 13.0;
				MTL_ENABLE_DEBUG_INFO = NO;
				MTL_FAST_MATH = YES;
				SDKROOT = macosx;
			};
			name = Release;
		};
		CC785B46294C9BC100022A98 /* Debug */ = {
			isa = XCBuildConfiguration;
			buildSettings = {
				CODE_SIGN_STYLE = Automatic;
				LIBRARY_SEARCH_PATHS = (
					"$(inherited)",
					/opt/homebrew/Cellar/glfw/3.3.8/lib,
					"$(LOCAL_LIBRARY_DIR)/VulkanSDK/1.3.236.0/macOS/lib",
					/opt/homebrew/lib,
				);
				PRODUCT_NAME = "$(TARGET_NAME)";
			};
			name = Debug;
		};
		CC785B47294C9BC100022A98 /* Release */ = {
			isa = XCBuildConfiguration;
			buildSettings = {
				CODE_SIGN_STYLE = Automatic;
				LIBRARY_SEARCH_PATHS = (
					"$(inherited)",
					/opt/homebrew/Cellar/glfw/3.3.8/lib,
					"$(LOCAL_LIBRARY_DIR)/VulkanSDK/1.3.236.0/macOS/lib",
					/opt/homebrew/lib,
				);
				PRODUCT_NAME = "$(TARGET_NAME)";
			};
			name = Release;
		};
/* End XCBuildConfiguration section */

/* Begin XCConfigurationList section */
		CC785B39294C9BC100022A98 /* Build configuration list for PBXProject "VulkanTesting" */ = {
			isa = XCConfigurationList;
			buildConfigurations = (
				CC785B43294C9BC100022A98 /* Debug */,
				CC785B44294C9BC100022A98 /* Release */,
			);
			defaultConfigurationIsVisible = 0;
			defaultConfigurationName = Release;
		};
		CC785B45294C9BC100022A98 /* Build configuration list for PBXNativeTarget "VulkanTesting" */ = {
			isa = XCConfigurationList;
			buildConfigurations = (
				CC785B46294C9BC100022A98 /* Debug */,
				CC785B47294C9BC100022A98 /* Release */,
			);
			defaultConfigurationIsVisible = 0;
			defaultConfigurationName = Release;
		};
/* End XCConfigurationList section */
	};
	rootObject = CC785B36294C9BC100022A98 /* Project object */;
}
